
Microsoft Visual Studio Solution File, Format Version 12.00
# Visual Studio Version 16
VisualStudioVersion = 16.0.29926.136
MinimumVisualStudioVersion = 10.0.40219.1
Project("{FAE04EC0-301F-11D3-BF4B-00C04F79EFBC}") = "CertificatesProject", "CertificatesProject\CertificatesProject.csproj", "{2A7CA913-7055-4157-896F-0E9825878C66}"
EndProject
Global
	GlobalSection(SolutionConfigurationPlatforms) = preSolution
		Debug|Any CPU = Debug|Any CPU
		Release|Any CPU = Release|Any CPU
	EndGlobalSection
	GlobalSection(ProjectConfigurationPlatforms) = postSolution
		{2A7CA913-7055-4157-896F-0E9825878C66}.Debug|Any CPU.ActiveCfg = Debug|Any CPU
		{2A7CA913-7055-4157-896F-0E9825878C66}.Debug|Any CPU.Build.0 = Debug|Any CPU
		{2A7CA913-7055-4157-896F-0E9825878C66}.Release|Any CPU.ActiveCfg = Release|Any CPU
		{2A7CA913-7055-4157-896F-0E9825878C66}.Release|Any CPU.Build.0 = Release|Any CPU
	EndGlobalSection
	GlobalSection(SolutionProperties) = preSolution
		HideSolutionNode = FALSE
	EndGlobalSection
	GlobalSection(ExtensibilityGlobals) = postSolution
		SolutionGuid = {A0E43DC1-E905-4C80-ABB3-C9104F5126E4}
	EndGlobalSection
EndGlobal
